{
    "version": 3,
    "terraform_version": "0.11.13",
    "serial": 7,
    "lineage": "e6ad8891-e9f1-bba5-4093-ebb7b330a827",
    "modules": [
        {
            "path": [
                "root"
            ],
            "outputs": {},
            "resources": {
                "aws_internet_gateway.gw": {
                    "type": "aws_internet_gateway",
                    "depends_on": [
                        "aws_vpc.main"
                    ],
                    "primary": {
                        "id": "igw-0ca35100f912e8912",
                        "attributes": {
                            "arn": "arn:aws:ec2:us-east-1:951862562678:internet-gateway/igw-0ca35100f912e8912",
                            "id": "igw-0ca35100f912e8912",
                            "owner_id": "951862562678",
                            "tags.%": "0",
                            "vpc_id": "vpc-0efb26aefd3a0d14d"
                        },
                        "meta": {},
                        "tainted": false
                    },
                    "deposed": [],
                    "provider": "provider.aws"
                },
                "aws_route_table.r": {
                    "type": "aws_route_table",
                    "depends_on": [
                        "aws_internet_gateway.gw",
                        "aws_vpc.main"
                    ],
                    "primary": {
                        "id": "rtb-00c731ead80bbf421",
                        "attributes": {
                            "id": "rtb-00c731ead80bbf421",
                            "owner_id": "951862562678",
                            "propagating_vgws.#": "0",
                            "route.#": "0",
                            "tags.%": "0",
                            "vpc_id": "vpc-0efb26aefd3a0d14d"
                        },
                        "meta": {},
                        "tainted": false
                    },
                    "deposed": [],
                    "provider": "provider.aws"
                },
                "aws_route_table_association.a": {
                    "type": "aws_route_table_association",
                    "depends_on": [
                        "aws_route_table.r",
                        "aws_subnet.subnet101"
                    ],
                    "primary": {
                        "id": "rtbassoc-0e9668856c3cb14ae",
                        "attributes": {
                            "id": "rtbassoc-0e9668856c3cb14ae",
                            "route_table_id": "rtb-00c731ead80bbf421",
                            "subnet_id": "subnet-0dd2ae1ad29a4f864"
                        },
                        "meta": {},
                        "tainted": false
                    },
                    "deposed": [],
                    "provider": "provider.aws"
                },
                "aws_route_table_association.b": {
                    "type": "aws_route_table_association",
                    "depends_on": [
                        "aws_route_table.r",
                        "aws_subnet.subnet102"
                    ],
                    "primary": {
                        "id": "rtbassoc-051c0e86335ed95a5",
                        "attributes": {
                            "id": "rtbassoc-051c0e86335ed95a5",
                            "route_table_id": "rtb-00c731ead80bbf421",
                            "subnet_id": "subnet-08f2a97d98d580306"
                        },
                        "meta": {},
                        "tainted": false
                    },
                    "deposed": [],
                    "provider": "provider.aws"
                },
                "aws_route_table_association.c": {
                    "type": "aws_route_table_association",
                    "depends_on": [
                        "aws_route_table.r",
                        "aws_subnet.subnet103"
                    ],
                    "primary": {
                        "id": "rtbassoc-076b244e9f3b7b028",
                        "attributes": {
                            "id": "rtbassoc-076b244e9f3b7b028",
                            "route_table_id": "rtb-00c731ead80bbf421",
                            "subnet_id": "subnet-0e4bde0fb87e93014"
                        },
                        "meta": {},
                        "tainted": false
                    },
                    "deposed": [],
                    "provider": "provider.aws"
                },
                "aws_security_group.vpc_task": {
                    "type": "aws_security_group",
                    "depends_on": [],
                    "primary": {
                        "id": "sg-08afc55f814f645e5",
                        "attributes": {
                            "arn": "arn:aws:ec2:us-east-1:951862562678:security-group/sg-08afc55f814f645e5",
                            "description": "Allow TLS inbound traffic",
                            "egress.#": "1",
                            "egress.482069346.cidr_blocks.#": "1",
                            "egress.482069346.cidr_blocks.0": "0.0.0.0/0",
                            "egress.482069346.description": "",
                            "egress.482069346.from_port": "0",
                            "egress.482069346.ipv6_cidr_blocks.#": "0",
                            "egress.482069346.prefix_list_ids.#": "0",
                            "egress.482069346.protocol": "-1",
                            "egress.482069346.security_groups.#": "0",
                            "egress.482069346.self": "false",
                            "egress.482069346.to_port": "0",
                            "id": "sg-08afc55f814f645e5",
                            "ingress.#": "1",
                            "ingress.1200322588.cidr_blocks.#": "1",
                            "ingress.1200322588.cidr_blocks.0": "0.0.0.0/0",
                            "ingress.1200322588.description": "Allow ssh",
                            "ingress.1200322588.from_port": "22",
                            "ingress.1200322588.ipv6_cidr_blocks.#": "0",
                            "ingress.1200322588.prefix_list_ids.#": "0",
                            "ingress.1200322588.protocol": "tcp",
                            "ingress.1200322588.security_groups.#": "0",
                            "ingress.1200322588.self": "false",
                            "ingress.1200322588.to_port": "22",
                            "name": "vpc_task",
                            "owner_id": "951862562678",
                            "revoke_rules_on_delete": "false",
                            "tags.%": "0",
                            "vpc_id": "vpc-a6f40fdb"
                        },
                        "meta": {
                            "e2bfb730-ecaa-11e6-8f88-34363bc7c4c0": {
                                "create": 600000000000,
                                "delete": 600000000000
                            },
                            "schema_version": "1"
                        },
                        "tainted": false
                    },
                    "deposed": [],
                    "provider": "provider.aws"
                },
                "aws_subnet.subnet1": {
                    "type": "aws_subnet",
                    "depends_on": [
                        "aws_vpc.main"
                    ],
                    "primary": {
                        "id": "subnet-08578c9f896e380aa",
                        "attributes": {
                            "arn": "arn:aws:ec2:us-east-1:951862562678:subnet/subnet-08578c9f896e380aa",
                            "assign_ipv6_address_on_creation": "false",
                            "availability_zone": "us-east-1f",
                            "availability_zone_id": "use1-az5",
                            "cidr_block": "10.0.1.0/24",
                            "id": "subnet-08578c9f896e380aa",
                            "ipv6_cidr_block": "",
                            "ipv6_cidr_block_association_id": "",
                            "map_public_ip_on_launch": "false",
                            "outpost_arn": "",
                            "owner_id": "951862562678",
                            "tags.%": "0",
                            "vpc_id": "vpc-0efb26aefd3a0d14d"
                        },
                        "meta": {
                            "e2bfb730-ecaa-11e6-8f88-34363bc7c4c0": {
                                "create": 600000000000,
                                "delete": 1200000000000
                            },
                            "schema_version": "1"
                        },
                        "tainted": false
                    },
                    "deposed": [],
                    "provider": "provider.aws"
                },
                "aws_subnet.subnet101": {
                    "type": "aws_subnet",
                    "depends_on": [
                        "aws_vpc.main"
                    ],
                    "primary": {
                        "id": "subnet-0dd2ae1ad29a4f864",
                        "attributes": {
                            "arn": "arn:aws:ec2:us-east-1:951862562678:subnet/subnet-0dd2ae1ad29a4f864",
                            "assign_ipv6_address_on_creation": "false",
                            "availability_zone": "us-east-1c",
                            "availability_zone_id": "use1-az4",
                            "cidr_block": "10.0.101.0/24",
                            "id": "subnet-0dd2ae1ad29a4f864",
                            "ipv6_cidr_block": "",
                            "ipv6_cidr_block_association_id": "",
                            "map_public_ip_on_launch": "true",
                            "outpost_arn": "",
                            "owner_id": "951862562678",
                            "tags.%": "0",
                            "vpc_id": "vpc-0efb26aefd3a0d14d"
                        },
                        "meta": {
                            "e2bfb730-ecaa-11e6-8f88-34363bc7c4c0": {
                                "create": 600000000000,
                                "delete": 1200000000000
                            },
                            "schema_version": "1"
                        },
                        "tainted": false
                    },
                    "deposed": [],
                    "provider": "provider.aws"
                },
                "aws_subnet.subnet102": {
                    "type": "aws_subnet",
                    "depends_on": [
                        "aws_vpc.main"
                    ],
                    "primary": {
                        "id": "subnet-08f2a97d98d580306",
                        "attributes": {
                            "arn": "arn:aws:ec2:us-east-1:951862562678:subnet/subnet-08f2a97d98d580306",
                            "assign_ipv6_address_on_creation": "false",
                            "availability_zone": "us-east-1c",
                            "availability_zone_id": "use1-az4",
                            "cidr_block": "10.0.102.0/24",
                            "id": "subnet-08f2a97d98d580306",
                            "ipv6_cidr_block": "",
                            "ipv6_cidr_block_association_id": "",
                            "map_public_ip_on_launch": "true",
                            "outpost_arn": "",
                            "owner_id": "951862562678",
                            "tags.%": "0",
                            "vpc_id": "vpc-0efb26aefd3a0d14d"
                        },
                        "meta": {
                            "e2bfb730-ecaa-11e6-8f88-34363bc7c4c0": {
                                "create": 600000000000,
                                "delete": 1200000000000
                            },
                            "schema_version": "1"
                        },
                        "tainted": false
                    },
                    "deposed": [],
                    "provider": "provider.aws"
                },
                "aws_subnet.subnet103": {
                    "type": "aws_subnet",
                    "depends_on": [
                        "aws_vpc.main"
                    ],
                    "primary": {
                        "id": "subnet-0e4bde0fb87e93014",
                        "attributes": {
                            "arn": "arn:aws:ec2:us-east-1:951862562678:subnet/subnet-0e4bde0fb87e93014",
                            "assign_ipv6_address_on_creation": "false",
                            "availability_zone": "us-east-1f",
                            "availability_zone_id": "use1-az5",
                            "cidr_block": "10.0.103.0/24",
                            "id": "subnet-0e4bde0fb87e93014",
                            "ipv6_cidr_block": "",
                            "ipv6_cidr_block_association_id": "",
                            "map_public_ip_on_launch": "true",
                            "outpost_arn": "",
                            "owner_id": "951862562678",
                            "tags.%": "0",
                            "vpc_id": "vpc-0efb26aefd3a0d14d"
                        },
                        "meta": {
                            "e2bfb730-ecaa-11e6-8f88-34363bc7c4c0": {
                                "create": 600000000000,
                                "delete": 1200000000000
                            },
                            "schema_version": "1"
                        },
                        "tainted": false
                    },
                    "deposed": [],
                    "provider": "provider.aws"
                },
                "aws_subnet.subnet2": {
                    "type": "aws_subnet",
                    "depends_on": [
                        "aws_vpc.main"
                    ],
                    "primary": {
                        "id": "subnet-05e4d63bdd762a1c1",
                        "attributes": {
                            "arn": "arn:aws:ec2:us-east-1:951862562678:subnet/subnet-05e4d63bdd762a1c1",
                            "assign_ipv6_address_on_creation": "false",
                            "availability_zone": "us-east-1e",
                            "availability_zone_id": "use1-az3",
                            "cidr_block": "10.0.2.0/24",
                            "id": "subnet-05e4d63bdd762a1c1",
                            "ipv6_cidr_block": "",
                            "ipv6_cidr_block_association_id": "",
                            "map_public_ip_on_launch": "false",
                            "outpost_arn": "",
                            "owner_id": "951862562678",
                            "tags.%": "0",
                            "vpc_id": "vpc-0efb26aefd3a0d14d"
                        },
                        "meta": {
                            "e2bfb730-ecaa-11e6-8f88-34363bc7c4c0": {
                                "create": 600000000000,
                                "delete": 1200000000000
                            },
                            "schema_version": "1"
                        },
                        "tainted": false
                    },
                    "deposed": [],
                    "provider": "provider.aws"
                },
                "aws_subnet.subnet3": {
                    "type": "aws_subnet",
                    "depends_on": [
                        "aws_vpc.main"
                    ],
                    "primary": {
                        "id": "subnet-052194c508c31c6f8",
                        "attributes": {
                            "arn": "arn:aws:ec2:us-east-1:951862562678:subnet/subnet-052194c508c31c6f8",
                            "assign_ipv6_address_on_creation": "false",
                            "availability_zone": "us-east-1c",
                            "availability_zone_id": "use1-az4",
                            "cidr_block": "10.0.3.0/24",
                            "id": "subnet-052194c508c31c6f8",
                            "ipv6_cidr_block": "",
                            "ipv6_cidr_block_association_id": "",
                            "map_public_ip_on_launch": "false",
                            "outpost_arn": "",
                            "owner_id": "951862562678",
                            "tags.%": "0",
                            "vpc_id": "vpc-0efb26aefd3a0d14d"
                        },
                        "meta": {
                            "e2bfb730-ecaa-11e6-8f88-34363bc7c4c0": {
                                "create": 600000000000,
                                "delete": 1200000000000
                            },
                            "schema_version": "1"
                        },
                        "tainted": false
                    },
                    "deposed": [],
                    "provider": "provider.aws"
                },
                "aws_vpc.main": {
                    "type": "aws_vpc",
                    "depends_on": [],
                    "primary": {
                        "id": "vpc-0efb26aefd3a0d14d",
                        "attributes": {
                            "arn": "arn:aws:ec2:us-east-1:951862562678:vpc/vpc-0efb26aefd3a0d14d",
                            "assign_generated_ipv6_cidr_block": "false",
                            "cidr_block": "10.0.0.0/16",
                            "default_network_acl_id": "acl-0be9692550d417e10",
                            "default_route_table_id": "rtb-04b58a9fc37c9ec9e",
                            "default_security_group_id": "sg-00710bd6f38fda68f",
                            "dhcp_options_id": "dopt-557c182f",
                            "enable_classiclink": "false",
                            "enable_classiclink_dns_support": "false",
                            "enable_dns_hostnames": "false",
                            "enable_dns_support": "true",
                            "id": "vpc-0efb26aefd3a0d14d",
                            "instance_tenancy": "default",
                            "ipv6_association_id": "",
                            "ipv6_cidr_block": "",
                            "main_route_table_id": "rtb-04b58a9fc37c9ec9e",
                            "owner_id": "951862562678",
                            "tags.%": "0"
                        },
                        "meta": {
                            "schema_version": "1"
                        },
                        "tainted": false
                    },
                    "deposed": [],
                    "provider": "provider.aws"
                }
            },
            "depends_on": []
        }
    ]
}
